
Microsoft Visual Studio Solution File, Format Version 12.00
# Visual Studio Version 17
VisualStudioVersion = 17.1.32210.238
MinimumVisualStudioVersion = 10.0.40219.1
Project("{FAE04EC0-301F-11D3-BF4B-00C04F79EFBC}") = "tpmodul5_1302201135", "tpmodul5_1302201135\tpmodul5_1302201135.csproj", "{88C9C3E7-9BFF-4730-8957-C1C894B9AF89}"
EndProject
Global
	GlobalSection(SolutionConfigurationPlatforms) = preSolution
		Debug|Any CPU = Debug|Any CPU
		Release|Any CPU = Release|Any CPU
	EndGlobalSection
	GlobalSection(ProjectConfigurationPlatforms) = postSolution
		{88C9C3E7-9BFF-4730-8957-C1C894B9AF89}.Debug|Any CPU.ActiveCfg = Debug|Any CPU
		{88C9C3E7-9BFF-4730-8957-C1C894B9AF89}.Debug|Any CPU.Build.0 = Debug|Any CPU
		{88C9C3E7-9BFF-4730-8957-C1C894B9AF89}.Release|Any CPU.ActiveCfg = Release|Any CPU
		{88C9C3E7-9BFF-4730-8957-C1C894B9AF89}.Release|Any CPU.Build.0 = Release|Any CPU
	EndGlobalSection
	GlobalSection(SolutionProperties) = preSolution
		HideSolutionNode = FALSE
	EndGlobalSection
	GlobalSection(ExtensibilityGlobals) = postSolution
		SolutionGuid = {A7054191-0147-421D-A732-06EB8D7E8416}
	EndGlobalSection
EndGlobal
